
Microsoft Visual Studio Solution File, Format Version 12.00
# Visual Studio Version 17
VisualStudioVersion = 17.8.34330.188
MinimumVisualStudioVersion = 10.0.40219.1
Project("{FAE04EC0-301F-11D3-BF4B-00C04F79EFBC}") = "Aplicacion Windows", "Aplicacion Windows\Aplicacion Windows.csproj", "{EA6CB2CA-3990-4DE5-8A67-C96C35693AB5}"
EndProject
Global
	GlobalSection(SolutionConfigurationPlatforms) = preSolution
		Debug|Any CPU = Debug|Any CPU
		Release|Any CPU = Release|Any CPU
	EndGlobalSection
	GlobalSection(ProjectConfigurationPlatforms) = postSolution
		{EA6CB2CA-3990-4DE5-8A67-C96C35693AB5}.Debug|Any CPU.ActiveCfg = Debug|Any CPU
		{EA6CB2CA-3990-4DE5-8A67-C96C35693AB5}.Debug|Any CPU.Build.0 = Debug|Any CPU
		{EA6CB2CA-3990-4DE5-8A67-C96C35693AB5}.Release|Any CPU.ActiveCfg = Release|Any CPU
		{EA6CB2CA-3990-4DE5-8A67-C96C35693AB5}.Release|Any CPU.Build.0 = Release|Any CPU
	EndGlobalSection
	GlobalSection(SolutionProperties) = preSolution
		HideSolutionNode = FALSE
	EndGlobalSection
	GlobalSection(ExtensibilityGlobals) = postSolution
		SolutionGuid = {D3380320-612D-4F82-9405-DBBDC4958F7B}
	EndGlobalSection
EndGlobal
